{
  "name": "external_modules",
  "version": "1.0.0",
  "lockfileVersion": 1,
  "requires": true,
  "dependencies": {
    "random-fruits-name": {
      "version": "1.9.3",
      "resolved": "https://registry.npmjs.org/random-fruits-name/-/random-fruits-name-1.9.3.tgz",
      "integrity": "sha512-pXa+nGmQEEOa+bQm27dOhaAoJTieJvLqt/KMIBL03Wij1vytAYN8sWSwWXdAeNw87UomlW+JRWStyVBfLIv4xA=="
    }
  }
}
